
Microsoft Visual Studio Solution File, Format Version 12.00
# Visual Studio 15
VisualStudioVersion = 15.0.28010.2046
MinimumVisualStudioVersion = 10.0.40219.1
Project("{FAE04EC0-301F-11D3-BF4B-00C04F79EFBC}") = "HW08", "HW08\HW08.csproj", "{31E495D7-C160-411A-9BF9-EE5F14DD671A}"
EndProject
Global
	GlobalSection(SolutionConfigurationPlatforms) = preSolution
		Debug|Any CPU = Debug|Any CPU
		Release|Any CPU = Release|Any CPU
	EndGlobalSection
	GlobalSection(ProjectConfigurationPlatforms) = postSolution
		{31E495D7-C160-411A-9BF9-EE5F14DD671A}.Debug|Any CPU.ActiveCfg = Debug|Any CPU
		{31E495D7-C160-411A-9BF9-EE5F14DD671A}.Debug|Any CPU.Build.0 = Debug|Any CPU
		{31E495D7-C160-411A-9BF9-EE5F14DD671A}.Release|Any CPU.ActiveCfg = Release|Any CPU
		{31E495D7-C160-411A-9BF9-EE5F14DD671A}.Release|Any CPU.Build.0 = Release|Any CPU
	EndGlobalSection
	GlobalSection(SolutionProperties) = preSolution
		HideSolutionNode = FALSE
	EndGlobalSection
	GlobalSection(ExtensibilityGlobals) = postSolution
		SolutionGuid = {85E2FE46-9BA2-46A8-9282-ABAF2E28E175}
	EndGlobalSection
EndGlobal
